
Microsoft Visual Studio Solution File, Format Version 12.00
# Visual Studio Version 17
VisualStudioVersion = 17.4.33213.308
MinimumVisualStudioVersion = 10.0.40219.1
Project("{2150E333-8FDC-42A3-9474-1A3956D46DE8}") = "src", "src", "{AAEC7994-D353-4B9E-8528-AD4369F6748E}"
EndProject
Project("{2150E333-8FDC-42A3-9474-1A3956D46DE8}") = "tests", "tests", "{F491106D-DC6C-4B7F-A446-3AFFE0548709}"
EndProject
Project("{2150E333-8FDC-42A3-9474-1A3956D46DE8}") = "api", "api", "{147363CB-5C16-45EE-96BC-E9EACA55C791}"
EndProject
Project("{2150E333-8FDC-42A3-9474-1A3956D46DE8}") = "web", "web", "{7E12768D-CC4E-4D21-B389-A345F50F3F1F}"
EndProject
Project("{54A90642-561A-4BB1-A94E-469ADEE60C69}") = "LuccaStore.Web", "src\web\LuccaStore.Web\LuccaStore.Web.esproj", "{3D43EC81-00FF-4C40-8026-404CF7C58611}"
EndProject
Project("{9A19103F-16F7-4668-BE54-9A1E7A4F7556}") = "LuccaStore.Api", "src\api\Presentation\LuccaStore.Api\LuccaStore.Api.csproj", "{CBB25C9F-2D13-479D-9A21-504E82B62A9D}"
EndProject
Project("{9A19103F-16F7-4668-BE54-9A1E7A4F7556}") = "LuccaStore.Tests", "tests\LuccaStore.Tests\LuccaStore.Tests.csproj", "{0B669B05-013E-4A07-B6FC-31CD226940C8}"
EndProject
Project("{2150E333-8FDC-42A3-9474-1A3956D46DE8}") = "Presentantion", "Presentantion", "{F872E4B8-E8C0-4D3E-B76E-9C16A3E68BBF}"
EndProject
Project("{2150E333-8FDC-42A3-9474-1A3956D46DE8}") = "Infrastructure", "Infrastructure", "{F64E1DF9-35AE-421E-B6E1-3C9FAE0E5E88}"
EndProject
Project("{2150E333-8FDC-42A3-9474-1A3956D46DE8}") = "Core", "Core", "{86F5BD6A-9618-447A-AF73-B41C77D84DE3}"
EndProject
Project("{2150E333-8FDC-42A3-9474-1A3956D46DE8}") = "Domain", "Domain", "{15FFC338-DFDE-4B0D-B4D2-1845A5853362}"
EndProject
Project("{2150E333-8FDC-42A3-9474-1A3956D46DE8}") = "Application", "Application", "{B0F91F3F-3D99-46E5-A7A6-DB33267208ED}"
EndProject
Project("{9A19103F-16F7-4668-BE54-9A1E7A4F7556}") = "LuccaStore.Infrastructure", "src\api\Infrastructure\LuccaStore.Infrastructure\LuccaStore.Infrastructure.csproj", "{16FFD2DE-52CE-4F61-B1CE-ABD350FECED5}"
EndProject
Project("{9A19103F-16F7-4668-BE54-9A1E7A4F7556}") = "LuccaStore.Core.Domain", "src\api\Core\Domain\LuccaStore.Core.Domain\LuccaStore.Core.Domain.csproj", "{7DAB1231-1582-48A2-BD93-CAD44BF3FE0A}"
EndProject
Project("{9A19103F-16F7-4668-BE54-9A1E7A4F7556}") = "LuccaStore.Core.Application", "src\api\Core\Application\LuccaStore.Core.Application\LuccaStore.Core.Application.csproj", "{0D8CEE12-2546-4F23-9D1B-208F7E8B35FE}"
EndProject
Global
	GlobalSection(SolutionConfigurationPlatforms) = preSolution
		Debug|Any CPU = Debug|Any CPU
		Release|Any CPU = Release|Any CPU
	EndGlobalSection
	GlobalSection(ProjectConfigurationPlatforms) = postSolution
		{3D43EC81-00FF-4C40-8026-404CF7C58611}.Debug|Any CPU.ActiveCfg = Debug|Any CPU
		{3D43EC81-00FF-4C40-8026-404CF7C58611}.Debug|Any CPU.Build.0 = Debug|Any CPU
		{3D43EC81-00FF-4C40-8026-404CF7C58611}.Debug|Any CPU.Deploy.0 = Debug|Any CPU
		{3D43EC81-00FF-4C40-8026-404CF7C58611}.Release|Any CPU.ActiveCfg = Release|Any CPU
		{3D43EC81-00FF-4C40-8026-404CF7C58611}.Release|Any CPU.Build.0 = Release|Any CPU
		{3D43EC81-00FF-4C40-8026-404CF7C58611}.Release|Any CPU.Deploy.0 = Release|Any CPU
		{CBB25C9F-2D13-479D-9A21-504E82B62A9D}.Debug|Any CPU.ActiveCfg = Debug|Any CPU
		{CBB25C9F-2D13-479D-9A21-504E82B62A9D}.Debug|Any CPU.Build.0 = Debug|Any CPU
		{CBB25C9F-2D13-479D-9A21-504E82B62A9D}.Release|Any CPU.ActiveCfg = Release|Any CPU
		{CBB25C9F-2D13-479D-9A21-504E82B62A9D}.Release|Any CPU.Build.0 = Release|Any CPU
		{0B669B05-013E-4A07-B6FC-31CD226940C8}.Debug|Any CPU.ActiveCfg = Debug|Any CPU
		{0B669B05-013E-4A07-B6FC-31CD226940C8}.Debug|Any CPU.Build.0 = Debug|Any CPU
		{0B669B05-013E-4A07-B6FC-31CD226940C8}.Release|Any CPU.ActiveCfg = Release|Any CPU
		{0B669B05-013E-4A07-B6FC-31CD226940C8}.Release|Any CPU.Build.0 = Release|Any CPU
		{16FFD2DE-52CE-4F61-B1CE-ABD350FECED5}.Debug|Any CPU.ActiveCfg = Debug|Any CPU
		{16FFD2DE-52CE-4F61-B1CE-ABD350FECED5}.Debug|Any CPU.Build.0 = Debug|Any CPU
		{16FFD2DE-52CE-4F61-B1CE-ABD350FECED5}.Release|Any CPU.ActiveCfg = Release|Any CPU
		{16FFD2DE-52CE-4F61-B1CE-ABD350FECED5}.Release|Any CPU.Build.0 = Release|Any CPU
		{7DAB1231-1582-48A2-BD93-CAD44BF3FE0A}.Debug|Any CPU.ActiveCfg = Debug|Any CPU
		{7DAB1231-1582-48A2-BD93-CAD44BF3FE0A}.Debug|Any CPU.Build.0 = Debug|Any CPU
		{7DAB1231-1582-48A2-BD93-CAD44BF3FE0A}.Release|Any CPU.ActiveCfg = Release|Any CPU
		{7DAB1231-1582-48A2-BD93-CAD44BF3FE0A}.Release|Any CPU.Build.0 = Release|Any CPU
		{0D8CEE12-2546-4F23-9D1B-208F7E8B35FE}.Debug|Any CPU.ActiveCfg = Debug|Any CPU
		{0D8CEE12-2546-4F23-9D1B-208F7E8B35FE}.Debug|Any CPU.Build.0 = Debug|Any CPU
		{0D8CEE12-2546-4F23-9D1B-208F7E8B35FE}.Release|Any CPU.ActiveCfg = Release|Any CPU
		{0D8CEE12-2546-4F23-9D1B-208F7E8B35FE}.Release|Any CPU.Build.0 = Release|Any CPU
	EndGlobalSection
	GlobalSection(SolutionProperties) = preSolution
		HideSolutionNode = FALSE
	EndGlobalSection
	GlobalSection(NestedProjects) = preSolution
		{147363CB-5C16-45EE-96BC-E9EACA55C791} = {AAEC7994-D353-4B9E-8528-AD4369F6748E}
		{7E12768D-CC4E-4D21-B389-A345F50F3F1F} = {AAEC7994-D353-4B9E-8528-AD4369F6748E}
		{3D43EC81-00FF-4C40-8026-404CF7C58611} = {7E12768D-CC4E-4D21-B389-A345F50F3F1F}
		{CBB25C9F-2D13-479D-9A21-504E82B62A9D} = {F872E4B8-E8C0-4D3E-B76E-9C16A3E68BBF}
		{0B669B05-013E-4A07-B6FC-31CD226940C8} = {F491106D-DC6C-4B7F-A446-3AFFE0548709}
		{F872E4B8-E8C0-4D3E-B76E-9C16A3E68BBF} = {147363CB-5C16-45EE-96BC-E9EACA55C791}
		{F64E1DF9-35AE-421E-B6E1-3C9FAE0E5E88} = {147363CB-5C16-45EE-96BC-E9EACA55C791}
		{86F5BD6A-9618-447A-AF73-B41C77D84DE3} = {147363CB-5C16-45EE-96BC-E9EACA55C791}
		{15FFC338-DFDE-4B0D-B4D2-1845A5853362} = {86F5BD6A-9618-447A-AF73-B41C77D84DE3}
		{B0F91F3F-3D99-46E5-A7A6-DB33267208ED} = {86F5BD6A-9618-447A-AF73-B41C77D84DE3}
		{16FFD2DE-52CE-4F61-B1CE-ABD350FECED5} = {F64E1DF9-35AE-421E-B6E1-3C9FAE0E5E88}
		{7DAB1231-1582-48A2-BD93-CAD44BF3FE0A} = {15FFC338-DFDE-4B0D-B4D2-1845A5853362}
		{0D8CEE12-2546-4F23-9D1B-208F7E8B35FE} = {B0F91F3F-3D99-46E5-A7A6-DB33267208ED}
	EndGlobalSection
	GlobalSection(ExtensibilityGlobals) = postSolution
		SolutionGuid = {5649166F-FD8A-48B9-87E2-300A98BCB450}
	EndGlobalSection
EndGlobal
